// !$*UTF8*$!
{
	archiveVersion = 1;
	classes = {
	};
	objectVersion = 56;
	objects = {

/* Begin PBXBuildFile section */
		E1099F002997D6CE00A098BF /* projetoCovidMVVMApp.swift in Sources */ = {isa = PBXBuildFile; fileRef = E1099EFF2997D6CE00A098BF /* projetoCovidMVVMApp.swift */; };
		E1099F022997D6CE00A098BF /* ContentView.swift in Sources */ = {isa = PBXBuildFile; fileRef = E1099F012997D6CE00A098BF /* ContentView.swift */; };
		E1099F042997D6D000A098BF /* Assets.xcassets in Resources */ = {isa = PBXBuildFile; fileRef = E1099F032997D6D000A098BF /* Assets.xcassets */; };
		E1099F072997D6D000A098BF /* Preview Assets.xcassets in Resources */ = {isa = PBXBuildFile; fileRef = E1099F062997D6D000A098BF /* Preview Assets.xcassets */; };
		E1099F142997D8F800A098BF /* EstatisticasTotalView.swift in Sources */ = {isa = PBXBuildFile; fileRef = E1099F132997D8F800A098BF /* EstatisticasTotalView.swift */; };
		E1099F162997D91200A098BF /* PaisListaView.swift in Sources */ = {isa = PBXBuildFile; fileRef = E1099F152997D91200A098BF /* PaisListaView.swift */; };
		E1099F182997D96800A098BF /* MapaMundiView.swift in Sources */ = {isa = PBXBuildFile; fileRef = E1099F172997D96800A098BF /* MapaMundiView.swift */; };
		E1099F1A2997DB2100A098BF /* PaisModel.swift in Sources */ = {isa = PBXBuildFile; fileRef = E1099F192997DB2100A098BF /* PaisModel.swift */; };
		E1099F1C2997DB7D00A098BF /* MundialModel.swift in Sources */ = {isa = PBXBuildFile; fileRef = E1099F1B2997DB7D00A098BF /* MundialModel.swift */; };
		E1099F1E2997DC5000A098BF /* NetworkService.swift in Sources */ = {isa = PBXBuildFile; fileRef = E1099F1D2997DC5000A098BF /* NetworkService.swift */; };
		E1099F202997DE8D00A098BF /* APIConstants.swift in Sources */ = {isa = PBXBuildFile; fileRef = E1099F1F2997DE8D00A098BF /* APIConstants.swift */; };
		E1099F222997DF9300A098BF /* URLEndPoint.swift in Sources */ = {isa = PBXBuildFile; fileRef = E1099F212997DF9300A098BF /* URLEndPoint.swift */; };
		E1099F242997E19F00A098BF /* MundialViewModel.swift in Sources */ = {isa = PBXBuildFile; fileRef = E1099F232997E19F00A098BF /* MundialViewModel.swift */; };
		E1099F26299A7ACA00A098BF /* LoadingView.swift in Sources */ = {isa = PBXBuildFile; fileRef = E1099F25299A7ACA00A098BF /* LoadingView.swift */; };
		E1099F29299DB1BD00A098BF /* EndPoint.swift in Sources */ = {isa = PBXBuildFile; fileRef = E1099F28299DB1BD00A098BF /* EndPoint.swift */; };
		E1099F2B299DB1D500A098BF /* HTTPClient.swift in Sources */ = {isa = PBXBuildFile; fileRef = E1099F2A299DB1D500A098BF /* HTTPClient.swift */; };
		E1099F2D299DB1E900A098BF /* HTTPMethod.swift in Sources */ = {isa = PBXBuildFile; fileRef = E1099F2C299DB1E900A098BF /* HTTPMethod.swift */; };
		E1099F2F299DB24200A098BF /* RequestError.swift in Sources */ = {isa = PBXBuildFile; fileRef = E1099F2E299DB24200A098BF /* RequestError.swift */; };
		E1099F33299DB45100A098BF /* MundialEndpoint.swift in Sources */ = {isa = PBXBuildFile; fileRef = E1099F32299DB45100A098BF /* MundialEndpoint.swift */; };
/* End PBXBuildFile section */

/* Begin PBXFileReference section */
		E1099EFC2997D6CE00A098BF /* projetoCovidMVVM.app */ = {isa = PBXFileReference; explicitFileType = wrapper.application; includeInIndex = 0; path = projetoCovidMVVM.app; sourceTree = BUILT_PRODUCTS_DIR; };
		E1099EFF2997D6CE00A098BF /* projetoCovidMVVMApp.swift */ = {isa = PBXFileReference; lastKnownFileType = sourcecode.swift; path = projetoCovidMVVMApp.swift; sourceTree = "<group>"; };
		E1099F012997D6CE00A098BF /* ContentView.swift */ = {isa = PBXFileReference; lastKnownFileType = sourcecode.swift; path = ContentView.swift; sourceTree = "<group>"; };
		E1099F032997D6D000A098BF /* Assets.xcassets */ = {isa = PBXFileReference; lastKnownFileType = folder.assetcatalog; path = Assets.xcassets; sourceTree = "<group>"; };
		E1099F062997D6D000A098BF /* Preview Assets.xcassets */ = {isa = PBXFileReference; lastKnownFileType = folder.assetcatalog; path = "Preview Assets.xcassets"; sourceTree = "<group>"; };
		E1099F132997D8F800A098BF /* EstatisticasTotalView.swift */ = {isa = PBXFileReference; lastKnownFileType = sourcecode.swift; path = EstatisticasTotalView.swift; sourceTree = "<group>"; };
		E1099F152997D91200A098BF /* PaisListaView.swift */ = {isa = PBXFileReference; lastKnownFileType = sourcecode.swift; path = PaisListaView.swift; sourceTree = "<group>"; };
		E1099F172997D96800A098BF /* MapaMundiView.swift */ = {isa = PBXFileReference; lastKnownFileType = sourcecode.swift; path = MapaMundiView.swift; sourceTree = "<group>"; };
		E1099F192997DB2100A098BF /* PaisModel.swift */ = {isa = PBXFileReference; lastKnownFileType = sourcecode.swift; path = PaisModel.swift; sourceTree = "<group>"; };
		E1099F1B2997DB7D00A098BF /* MundialModel.swift */ = {isa = PBXFileReference; lastKnownFileType = sourcecode.swift; path = MundialModel.swift; sourceTree = "<group>"; };
		E1099F1D2997DC5000A098BF /* NetworkService.swift */ = {isa = PBXFileReference; lastKnownFileType = sourcecode.swift; path = NetworkService.swift; sourceTree = "<group>"; };
		E1099F1F2997DE8D00A098BF /* APIConstants.swift */ = {isa = PBXFileReference; lastKnownFileType = sourcecode.swift; path = APIConstants.swift; sourceTree = "<group>"; };
		E1099F212997DF9300A098BF /* URLEndPoint.swift */ = {isa = PBXFileReference; lastKnownFileType = sourcecode.swift; path = URLEndPoint.swift; sourceTree = "<group>"; };
		E1099F232997E19F00A098BF /* MundialViewModel.swift */ = {isa = PBXFileReference; lastKnownFileType = sourcecode.swift; path = MundialViewModel.swift; sourceTree = "<group>"; };
		E1099F25299A7ACA00A098BF /* LoadingView.swift */ = {isa = PBXFileReference; lastKnownFileType = sourcecode.swift; path = LoadingView.swift; sourceTree = "<group>"; };
		E1099F28299DB1BD00A098BF /* EndPoint.swift */ = {isa = PBXFileReference; lastKnownFileType = sourcecode.swift; path = EndPoint.swift; sourceTree = "<group>"; };
		E1099F2A299DB1D500A098BF /* HTTPClient.swift */ = {isa = PBXFileReference; lastKnownFileType = sourcecode.swift; path = HTTPClient.swift; sourceTree = "<group>"; };
		E1099F2C299DB1E900A098BF /* HTTPMethod.swift */ = {isa = PBXFileReference; lastKnownFileType = sourcecode.swift; path = HTTPMethod.swift; sourceTree = "<group>"; };
		E1099F2E299DB24200A098BF /* RequestError.swift */ = {isa = PBXFileReference; lastKnownFileType = sourcecode.swift; path = RequestError.swift; sourceTree = "<group>"; };
		E1099F32299DB45100A098BF /* MundialEndpoint.swift */ = {isa = PBXFileReference; lastKnownFileType = sourcecode.swift; path = MundialEndpoint.swift; sourceTree = "<group>"; };
/* End PBXFileReference section */

/* Begin PBXFrameworksBuildPhase section */
		E1099EF92997D6CE00A098BF /* Frameworks */ = {
			isa = PBXFrameworksBuildPhase;
			buildActionMask = 2147483647;
			files = (
			);
			runOnlyForDeploymentPostprocessing = 0;
		};
/* End PBXFrameworksBuildPhase section */

/* Begin PBXGroup section */
		E1099EF32997D6CE00A098BF = {
			isa = PBXGroup;
			children = (
				E1099EFE2997D6CE00A098BF /* projetoCovidMVVM */,
				E1099EFD2997D6CE00A098BF /* Products */,
			);
			sourceTree = "<group>";
		};
		E1099EFD2997D6CE00A098BF /* Products */ = {
			isa = PBXGroup;
			children = (
				E1099EFC2997D6CE00A098BF /* projetoCovidMVVM.app */,
			);
			name = Products;
			sourceTree = "<group>";
		};
		E1099EFE2997D6CE00A098BF /* projetoCovidMVVM */ = {
			isa = PBXGroup;
			children = (
				E1099F0E2997D78D00A098BF /* Features */,
				E1099F0D2997D78300A098BF /* Base */,
				E1099EFF2997D6CE00A098BF /* projetoCovidMVVMApp.swift */,
				E1099F012997D6CE00A098BF /* ContentView.swift */,
				E1099F032997D6D000A098BF /* Assets.xcassets */,
				E1099F052997D6D000A098BF /* Preview Content */,
			);
			path = projetoCovidMVVM;
			sourceTree = "<group>";
		};
		E1099F052997D6D000A098BF /* Preview Content */ = {
			isa = PBXGroup;
			children = (
				E1099F062997D6D000A098BF /* Preview Assets.xcassets */,
			);
			path = "Preview Content";
			sourceTree = "<group>";
		};
		E1099F0D2997D78300A098BF /* Base */ = {
			isa = PBXGroup;
			children = (
				E1099F1F2997DE8D00A098BF /* APIConstants.swift */,
				E1099F212997DF9300A098BF /* URLEndPoint.swift */,
			);
			path = Base;
			sourceTree = "<group>";
		};
		E1099F0E2997D78D00A098BF /* Features */ = {
			isa = PBXGroup;
			children = (
				E1099F122997D7FF00A098BF /* Network */,
				E1099F112997D7DD00A098BF /* ViewModel */,
				E1099F102997D7A200A098BF /* View */,
				E1099F0F2997D79800A098BF /* Model */,
			);
			path = Features;
			sourceTree = "<group>";
		};
		E1099F0F2997D79800A098BF /* Model */ = {
			isa = PBXGroup;
			children = (
				E1099F192997DB2100A098BF /* PaisModel.swift */,
				E1099F1B2997DB7D00A098BF /* MundialModel.swift */,
			);
			path = Model;
			sourceTree = "<group>";
		};
		E1099F102997D7A200A098BF /* View */ = {
			isa = PBXGroup;
			children = (
				E1099F132997D8F800A098BF /* EstatisticasTotalView.swift */,
				E1099F152997D91200A098BF /* PaisListaView.swift */,
				E1099F172997D96800A098BF /* MapaMundiView.swift */,
				E1099F25299A7ACA00A098BF /* LoadingView.swift */,
			);
			path = View;
			sourceTree = "<group>";
		};
		E1099F112997D7DD00A098BF /* ViewModel */ = {
			isa = PBXGroup;
			children = (
				E1099F232997E19F00A098BF /* MundialViewModel.swift */,
			);
			path = ViewModel;
			sourceTree = "<group>";
		};
		E1099F122997D7FF00A098BF /* Network */ = {
			isa = PBXGroup;
			children = (
				E1099F31299DB31600A098BF /* Endpoints */,
				E1099F30299DB25500A098BF /* Services */,
				E1099F27299DB1A200A098BF /* Base */,
			);
			path = Network;
			sourceTree = "<group>";
		};
		E1099F27299DB1A200A098BF /* Base */ = {
			isa = PBXGroup;
			children = (
				E1099F28299DB1BD00A098BF /* EndPoint.swift */,
				E1099F2A299DB1D500A098BF /* HTTPClient.swift */,
				E1099F2C299DB1E900A098BF /* HTTPMethod.swift */,
				E1099F2E299DB24200A098BF /* RequestError.swift */,
			);
			path = Base;
			sourceTree = "<group>";
		};
		E1099F30299DB25500A098BF /* Services */ = {
			isa = PBXGroup;
			children = (
				E1099F1D2997DC5000A098BF /* NetworkService.swift */,
			);
			path = Services;
			sourceTree = "<group>";
		};
		E1099F31299DB31600A098BF /* Endpoints */ = {
			isa = PBXGroup;
			children = (
				E1099F32299DB45100A098BF /* MundialEndpoint.swift */,
			);
			path = Endpoints;
			sourceTree = "<group>";
		};
/* End PBXGroup section */

/* Begin PBXNativeTarget section */
		E1099EFB2997D6CE00A098BF /* projetoCovidMVVM */ = {
			isa = PBXNativeTarget;
			buildConfigurationList = E1099F0A2997D6D000A098BF /* Build configuration list for PBXNativeTarget "projetoCovidMVVM" */;
			buildPhases = (
				E1099EF82997D6CE00A098BF /* Sources */,
				E1099EF92997D6CE00A098BF /* Frameworks */,
				E1099EFA2997D6CE00A098BF /* Resources */,
			);
			buildRules = (
			);
			dependencies = (
			);
			name = projetoCovidMVVM;
			productName = projetoCovidMVVM;
			productReference = E1099EFC2997D6CE00A098BF /* projetoCovidMVVM.app */;
			productType = "com.apple.product-type.application";
		};
/* End PBXNativeTarget section */

/* Begin PBXProject section */
		E1099EF42997D6CE00A098BF /* Project object */ = {
			isa = PBXProject;
			attributes = {
				BuildIndependentTargetsInParallel = 1;
				LastSwiftUpdateCheck = 1420;
				LastUpgradeCheck = 1420;
				TargetAttributes = {
					E1099EFB2997D6CE00A098BF = {
						CreatedOnToolsVersion = 14.2;
					};
				};
			};
			buildConfigurationList = E1099EF72997D6CE00A098BF /* Build configuration list for PBXProject "projetoCovidMVVM" */;
			compatibilityVersion = "Xcode 14.0";
			developmentRegion = en;
			hasScannedForEncodings = 0;
			knownRegions = (
				en,
				Base,
			);
			mainGroup = E1099EF32997D6CE00A098BF;
			productRefGroup = E1099EFD2997D6CE00A098BF /* Products */;
			projectDirPath = "";
			projectRoot = "";
			targets = (
				E1099EFB2997D6CE00A098BF /* projetoCovidMVVM */,
			);
		};
/* End PBXProject section */

/* Begin PBXResourcesBuildPhase section */
		E1099EFA2997D6CE00A098BF /* Resources */ = {
			isa = PBXResourcesBuildPhase;
			buildActionMask = 2147483647;
			files = (
				E1099F072997D6D000A098BF /* Preview Assets.xcassets in Resources */,
				E1099F042997D6D000A098BF /* Assets.xcassets in Resources */,
			);
			runOnlyForDeploymentPostprocessing = 0;
		};
/* End PBXResourcesBuildPhase section */

/* Begin PBXSourcesBuildPhase section */
		E1099EF82997D6CE00A098BF /* Sources */ = {
			isa = PBXSourcesBuildPhase;
			buildActionMask = 2147483647;
			files = (
				E1099F2F299DB24200A098BF /* RequestError.swift in Sources */,
				E1099F29299DB1BD00A098BF /* EndPoint.swift in Sources */,
				E1099F222997DF9300A098BF /* URLEndPoint.swift in Sources */,
				E1099F1A2997DB2100A098BF /* PaisModel.swift in Sources */,
				E1099F022997D6CE00A098BF /* ContentView.swift in Sources */,
				E1099F33299DB45100A098BF /* MundialEndpoint.swift in Sources */,
				E1099F1E2997DC5000A098BF /* NetworkService.swift in Sources */,
				E1099F1C2997DB7D00A098BF /* MundialModel.swift in Sources */,
				E1099F26299A7ACA00A098BF /* LoadingView.swift in Sources */,
				E1099F142997D8F800A098BF /* EstatisticasTotalView.swift in Sources */,
				E1099F2D299DB1E900A098BF /* HTTPMethod.swift in Sources */,
				E1099F202997DE8D00A098BF /* APIConstants.swift in Sources */,
				E1099F002997D6CE00A098BF /* projetoCovidMVVMApp.swift in Sources */,
				E1099F2B299DB1D500A098BF /* HTTPClient.swift in Sources */,
				E1099F182997D96800A098BF /* MapaMundiView.swift in Sources */,
				E1099F242997E19F00A098BF /* MundialViewModel.swift in Sources */,
				E1099F162997D91200A098BF /* PaisListaView.swift in Sources */,
			);
			runOnlyForDeploymentPostprocessing = 0;
		};
/* End PBXSourcesBuildPhase section */

/* Begin XCBuildConfiguration section */
		E1099F082997D6D000A098BF /* Debug */ = {
			isa = XCBuildConfiguration;
			buildSettings = {
				ALWAYS_SEARCH_USER_PATHS = NO;
				CLANG_ANALYZER_NONNULL = YES;
				CLANG_ANALYZER_NUMBER_OBJECT_CONVERSION = YES_AGGRESSIVE;
				CLANG_CXX_LANGUAGE_STANDARD = "gnu++20";
				CLANG_ENABLE_MODULES = YES;
				CLANG_ENABLE_OBJC_ARC = YES;
				CLANG_ENABLE_OBJC_WEAK = YES;
				CLANG_WARN_BLOCK_CAPTURE_AUTORELEASING = YES;
				CLANG_WARN_BOOL_CONVERSION = YES;
				CLANG_WARN_COMMA = YES;
				CLANG_WARN_CONSTANT_CONVERSION = YES;
				CLANG_WARN_DEPRECATED_OBJC_IMPLEMENTATIONS = YES;
				CLANG_WARN_DIRECT_OBJC_ISA_USAGE = YES_ERROR;
				CLANG_WARN_DOCUMENTATION_COMMENTS = YES;
				CLANG_WARN_EMPTY_BODY = YES;
				CLANG_WARN_ENUM_CONVERSION = YES;
				CLANG_WARN_INFINITE_RECURSION = YES;
				CLANG_WARN_INT_CONVERSION = YES;
				CLANG_WARN_NON_LITERAL_NULL_CONVERSION = YES;
				CLANG_WARN_OBJC_IMPLICIT_RETAIN_SELF = YES;
				CLANG_WARN_OBJC_LITERAL_CONVERSION = YES;
				CLANG_WARN_OBJC_ROOT_CLASS = YES_ERROR;
				CLANG_WARN_QUOTED_INCLUDE_IN_FRAMEWORK_HEADER = YES;
				CLANG_WARN_RANGE_LOOP_ANALYSIS = YES;
				CLANG_WARN_STRICT_PROTOTYPES = YES;
				CLANG_WARN_SUSPICIOUS_MOVE = YES;
				CLANG_WARN_UNGUARDED_AVAILABILITY = YES_AGGRESSIVE;
				CLANG_WARN_UNREACHABLE_CODE = YES;
				CLANG_WARN__DUPLICATE_METHOD_MATCH = YES;
				COPY_PHASE_STRIP = NO;
				DEBUG_INFORMATION_FORMAT = dwarf;
				ENABLE_STRICT_OBJC_MSGSEND = YES;
				ENABLE_TESTABILITY = YES;
				GCC_C_LANGUAGE_STANDARD = gnu11;
				GCC_DYNAMIC_NO_PIC = NO;
				GCC_NO_COMMON_BLOCKS = YES;
				GCC_OPTIMIZATION_LEVEL = 0;
				GCC_PREPROCESSOR_DEFINITIONS = (
					"DEBUG=1",
					"$(inherited)",
				);
				GCC_WARN_64_TO_32_BIT_CONVERSION = YES;
				GCC_WARN_ABOUT_RETURN_TYPE = YES_ERROR;
				GCC_WARN_UNDECLARED_SELECTOR = YES;
				GCC_WARN_UNINITIALIZED_AUTOS = YES_AGGRESSIVE;
				GCC_WARN_UNUSED_FUNCTION = YES;
				GCC_WARN_UNUSED_VARIABLE = YES;
				IPHONEOS_DEPLOYMENT_TARGET = 16.2;
				MTL_ENABLE_DEBUG_INFO = INCLUDE_SOURCE;
				MTL_FAST_MATH = YES;
				ONLY_ACTIVE_ARCH = YES;
				SDKROOT = iphoneos;
				SWIFT_ACTIVE_COMPILATION_CONDITIONS = DEBUG;
				SWIFT_OPTIMIZATION_LEVEL = "-Onone";
			};
			name = Debug;
		};
		E1099F092997D6D000A098BF /* Release */ = {
			isa = XCBuildConfiguration;
			buildSettings = {
				ALWAYS_SEARCH_USER_PATHS = NO;
				CLANG_ANALYZER_NONNULL = YES;
				CLANG_ANALYZER_NUMBER_OBJECT_CONVERSION = YES_AGGRESSIVE;
				CLANG_CXX_LANGUAGE_STANDARD = "gnu++20";
				CLANG_ENABLE_MODULES = YES;
				CLANG_ENABLE_OBJC_ARC = YES;
				CLANG_ENABLE_OBJC_WEAK = YES;
				CLANG_WARN_BLOCK_CAPTURE_AUTORELEASING = YES;
				CLANG_WARN_BOOL_CONVERSION = YES;
				CLANG_WARN_COMMA = YES;
				CLANG_WARN_CONSTANT_CONVERSION = YES;
				CLANG_WARN_DEPRECATED_OBJC_IMPLEMENTATIONS = YES;
				CLANG_WARN_DIRECT_OBJC_ISA_USAGE = YES_ERROR;
				CLANG_WARN_DOCUMENTATION_COMMENTS = YES;
				CLANG_WARN_EMPTY_BODY = YES;
				CLANG_WARN_ENUM_CONVERSION = YES;
				CLANG_WARN_INFINITE_RECURSION = YES;
				CLANG_WARN_INT_CONVERSION = YES;
				CLANG_WARN_NON_LITERAL_NULL_CONVERSION = YES;
				CLANG_WARN_OBJC_IMPLICIT_RETAIN_SELF = YES;
				CLANG_WARN_OBJC_LITERAL_CONVERSION = YES;
				CLANG_WARN_OBJC_ROOT_CLASS = YES_ERROR;
				CLANG_WARN_QUOTED_INCLUDE_IN_FRAMEWORK_HEADER = YES;
				CLANG_WARN_RANGE_LOOP_ANALYSIS = YES;
				CLANG_WARN_STRICT_PROTOTYPES = YES;
				CLANG_WARN_SUSPICIOUS_MOVE = YES;
				CLANG_WARN_UNGUARDED_AVAILABILITY = YES_AGGRESSIVE;
				CLANG_WARN_UNREACHABLE_CODE = YES;
				CLANG_WARN__DUPLICATE_METHOD_MATCH = YES;
				COPY_PHASE_STRIP = NO;
				DEBUG_INFORMATION_FORMAT = "dwarf-with-dsym";
				ENABLE_NS_ASSERTIONS = NO;
				ENABLE_STRICT_OBJC_MSGSEND = YES;
				GCC_C_LANGUAGE_STANDARD = gnu11;
				GCC_NO_COMMON_BLOCKS = YES;
				GCC_WARN_64_TO_32_BIT_CONVERSION = YES;
				GCC_WARN_ABOUT_RETURN_TYPE = YES_ERROR;
				GCC_WARN_UNDECLARED_SELECTOR = YES;
				GCC_WARN_UNINITIALIZED_AUTOS = YES_AGGRESSIVE;
				GCC_WARN_UNUSED_FUNCTION = YES;
				GCC_WARN_UNUSED_VARIABLE = YES;
				IPHONEOS_DEPLOYMENT_TARGET = 16.2;
				MTL_ENABLE_DEBUG_INFO = NO;
				MTL_FAST_MATH = YES;
				SDKROOT = iphoneos;
				SWIFT_COMPILATION_MODE = wholemodule;
				SWIFT_OPTIMIZATION_LEVEL = "-O";
				VALIDATE_PRODUCT = YES;
			};
			name = Release;
		};
		E1099F0B2997D6D000A098BF /* Debug */ = {
			isa = XCBuildConfiguration;
			buildSettings = {
				ASSETCATALOG_COMPILER_APPICON_NAME = AppIcon;
				ASSETCATALOG_COMPILER_GLOBAL_ACCENT_COLOR_NAME = AccentColor;
				CODE_SIGN_STYLE = Automatic;
				CURRENT_PROJECT_VERSION = 1;
				DEVELOPMENT_ASSET_PATHS = "\"projetoCovidMVVM/Preview Content\"";
				DEVELOPMENT_TEAM = 4DLN7FPJ74;
				ENABLE_PREVIEWS = YES;
				GENERATE_INFOPLIST_FILE = YES;
				INFOPLIST_KEY_UIApplicationSceneManifest_Generation = YES;
				INFOPLIST_KEY_UIApplicationSupportsIndirectInputEvents = YES;
				INFOPLIST_KEY_UILaunchScreen_Generation = YES;
				INFOPLIST_KEY_UISupportedInterfaceOrientations_iPad = "UIInterfaceOrientationPortrait UIInterfaceOrientationPortraitUpsideDown UIInterfaceOrientationLandscapeLeft UIInterfaceOrientationLandscapeRight";
				INFOPLIST_KEY_UISupportedInterfaceOrientations_iPhone = "UIInterfaceOrientationPortrait UIInterfaceOrientationLandscapeLeft UIInterfaceOrientationLandscapeRight";
				LD_RUNPATH_SEARCH_PATHS = (
					"$(inherited)",
					"@executable_path/Frameworks",
				);
				MARKETING_VERSION = 1.0;
				PRODUCT_BUNDLE_IDENTIFIER = geiss.com.projetoCovidMVVM;
				PRODUCT_NAME = "$(TARGET_NAME)";
				SWIFT_EMIT_LOC_STRINGS = YES;
				SWIFT_VERSION = 5.0;
				TARGETED_DEVICE_FAMILY = "1,2";
			};
			name = Debug;
		};
		E1099F0C2997D6D000A098BF /* Release */ = {
			isa = XCBuildConfiguration;
			buildSettings = {
				ASSETCATALOG_COMPILER_APPICON_NAME = AppIcon;
				ASSETCATALOG_COMPILER_GLOBAL_ACCENT_COLOR_NAME = AccentColor;
				CODE_SIGN_STYLE = Automatic;
				CURRENT_PROJECT_VERSION = 1;
				DEVELOPMENT_ASSET_PATHS = "\"projetoCovidMVVM/Preview Content\"";
				DEVELOPMENT_TEAM = 4DLN7FPJ74;
				ENABLE_PREVIEWS = YES;
				GENERATE_INFOPLIST_FILE = YES;
				INFOPLIST_KEY_UIApplicationSceneManifest_Generation = YES;
				INFOPLIST_KEY_UIApplicationSupportsIndirectInputEvents = YES;
				INFOPLIST_KEY_UILaunchScreen_Generation = YES;
				INFOPLIST_KEY_UISupportedInterfaceOrientations_iPad = "UIInterfaceOrientationPortrait UIInterfaceOrientationPortraitUpsideDown UIInterfaceOrientationLandscapeLeft UIInterfaceOrientationLandscapeRight";
				INFOPLIST_KEY_UISupportedInterfaceOrientations_iPhone = "UIInterfaceOrientationPortrait UIInterfaceOrientationLandscapeLeft UIInterfaceOrientationLandscapeRight";
				LD_RUNPATH_SEARCH_PATHS = (
					"$(inherited)",
					"@executable_path/Frameworks",
				);
				MARKETING_VERSION = 1.0;
				PRODUCT_BUNDLE_IDENTIFIER = geiss.com.projetoCovidMVVM;
				PRODUCT_NAME = "$(TARGET_NAME)";
				SWIFT_EMIT_LOC_STRINGS = YES;
				SWIFT_VERSION = 5.0;
				TARGETED_DEVICE_FAMILY = "1,2";
			};
			name = Release;
		};
/* End XCBuildConfiguration section */

/* Begin XCConfigurationList section */
		E1099EF72997D6CE00A098BF /* Build configuration list for PBXProject "projetoCovidMVVM" */ = {
			isa = XCConfigurationList;
			buildConfigurations = (
				E1099F082997D6D000A098BF /* Debug */,
				E1099F092997D6D000A098BF /* Release */,
			);
			defaultConfigurationIsVisible = 0;
			defaultConfigurationName = Release;
		};
		E1099F0A2997D6D000A098BF /* Build configuration list for PBXNativeTarget "projetoCovidMVVM" */ = {
			isa = XCConfigurationList;
			buildConfigurations = (
				E1099F0B2997D6D000A098BF /* Debug */,
				E1099F0C2997D6D000A098BF /* Release */,
			);
			defaultConfigurationIsVisible = 0;
			defaultConfigurationName = Release;
		};
/* End XCConfigurationList section */
	};
	rootObject = E1099EF42997D6CE00A098BF /* Project object */;
}
