// !$*UTF8*$!
{
	archiveVersion = 1;
	classes = {
	};
	objectVersion = 56;
	objects = {

/* Begin PBXBuildFile section */
		E1099F002997D6CE00A098BF /* projetoCovidMVVMApp.swift in Sources */ = {isa = PBXBuildFile; fileRef = E1099EFF2997D6CE00A098BF /* projetoCovidMVVMApp.swift */; };
		E1099F022997D6CE00A098BF /* ContentView.swift in Sources */ = {isa = PBXBuildFile; fileRef = E1099F012997D6CE00A098BF /* ContentView.swift */; };
		E1099F042997D6D000A098BF /* Assets.xcassets in Resources */ = {isa = PBXBuildFile; fileRef = E1099F032997D6D000A098BF /* Assets.xcassets */; };
		E1099F072997D6D000A098BF /* Preview Assets.xcassets in Resources */ = {isa = PBXBuildFile; fileRef = E1099F062997D6D000A098BF /* Preview Assets.xcassets */; };
		E1099F142997D8F800A098BF /* MundialView.swift in Sources */ = {isa = PBXBuildFile; fileRef = E1099F132997D8F800A098BF /* MundialView.swift */; };
		E1099F162997D91200A098BF /* PaisListaView.swift in Sources */ = {isa = PBXBuildFile; fileRef = E1099F152997D91200A098BF /* PaisListaView.swift */; };
		E1099F182997D96800A098BF /* ContinenteView.swift in Sources */ = {isa = PBXBuildFile; fileRef = E1099F172997D96800A098BF /* ContinenteView.swift */; };
		E1099F1A2997DB2100A098BF /* PaisModel.swift in Sources */ = {isa = PBXBuildFile; fileRef = E1099F192997DB2100A098BF /* PaisModel.swift */; };
		E1099F1C2997DB7D00A098BF /* MundialModel.swift in Sources */ = {isa = PBXBuildFile; fileRef = E1099F1B2997DB7D00A098BF /* MundialModel.swift */; };
		E1099F1E2997DC5000A098BF /* NetworkService.swift in Sources */ = {isa = PBXBuildFile; fileRef = E1099F1D2997DC5000A098BF /* NetworkService.swift */; };
		E1099F202997DE8D00A098BF /* APIConstants.swift in Sources */ = {isa = PBXBuildFile; fileRef = E1099F1F2997DE8D00A098BF /* APIConstants.swift */; };
		E1099F242997E19F00A098BF /* MundialViewModel.swift in Sources */ = {isa = PBXBuildFile; fileRef = E1099F232997E19F00A098BF /* MundialViewModel.swift */; };
		E1099F26299A7ACA00A098BF /* LoadingView.swift in Sources */ = {isa = PBXBuildFile; fileRef = E1099F25299A7ACA00A098BF /* LoadingView.swift */; };
		E1099F29299DB1BD00A098BF /* EndPoint.swift in Sources */ = {isa = PBXBuildFile; fileRef = E1099F28299DB1BD00A098BF /* EndPoint.swift */; };
		E1099F2B299DB1D500A098BF /* HTTPClient.swift in Sources */ = {isa = PBXBuildFile; fileRef = E1099F2A299DB1D500A098BF /* HTTPClient.swift */; };
		E1099F2D299DB1E900A098BF /* HTTPMethod.swift in Sources */ = {isa = PBXBuildFile; fileRef = E1099F2C299DB1E900A098BF /* HTTPMethod.swift */; };
		E1099F2F299DB24200A098BF /* RequestError.swift in Sources */ = {isa = PBXBuildFile; fileRef = E1099F2E299DB24200A098BF /* RequestError.swift */; };
		E1099F33299DB45100A098BF /* COVIDEndpoint.swift in Sources */ = {isa = PBXBuildFile; fileRef = E1099F32299DB45100A098BF /* COVIDEndpoint.swift */; };
		E1099F3529A1041700A098BF /* Extensions.swift in Sources */ = {isa = PBXBuildFile; fileRef = E1099F3429A1041700A098BF /* Extensions.swift */; };
		E151955A29CE646800F8C382 /* CovidDataModel.xcdatamodeld in Sources */ = {isa = PBXBuildFile; fileRef = E151955829CE646800F8C382 /* CovidDataModel.xcdatamodeld */; };
		E151955C29CE68A800F8C382 /* Persistence.swift in Sources */ = {isa = PBXBuildFile; fileRef = E151955B29CE68A800F8C382 /* Persistence.swift */; };
		E16160D429C775710081813F /* Enums.swift in Sources */ = {isa = PBXBuildFile; fileRef = E16160D329C775710081813F /* Enums.swift */; };
		E16160D629C88DF80081813F /* GraficoMundialView.swift in Sources */ = {isa = PBXBuildFile; fileRef = E16160D529C88DF80081813F /* GraficoMundialView.swift */; };
		E16160D829C925EE0081813F /* MundialSeriesModel.swift in Sources */ = {isa = PBXBuildFile; fileRef = E16160D729C925EE0081813F /* MundialSeriesModel.swift */; };
		E16160DA29C931C50081813F /* Series14DiasViewModel.swift in Sources */ = {isa = PBXBuildFile; fileRef = E16160D929C931C50081813F /* Series14DiasViewModel.swift */; };
		E16160DC29C931D50081813F /* Series30DiasViewModel.swift in Sources */ = {isa = PBXBuildFile; fileRef = E16160DB29C931D50081813F /* Series30DiasViewModel.swift */; };
		E16160DE29C931E90081813F /* Series90DiasViewModel.swift in Sources */ = {isa = PBXBuildFile; fileRef = E16160DD29C931E90081813F /* Series90DiasViewModel.swift */; };
		E18762B329B1682B009B75F7 /* ContinenteModel.swift in Sources */ = {isa = PBXBuildFile; fileRef = E18762B229B1682B009B75F7 /* ContinenteModel.swift */; };
		E18762B529B16CFA009B75F7 /* ContinenteViewModel.swift in Sources */ = {isa = PBXBuildFile; fileRef = E18762B429B16CFA009B75F7 /* ContinenteViewModel.swift */; };
		E18C99AE29C4D7A200CF2260 /* ContinentePainelDetalheView.swift in Sources */ = {isa = PBXBuildFile; fileRef = E18C99AD29C4D7A200CF2260 /* ContinentePainelDetalheView.swift */; };
		E19F52EC29D0B8BC00146465 /* SerieCasos+CoreDataClass.swift in Sources */ = {isa = PBXBuildFile; fileRef = E19F52E629D0B8BC00146465 /* SerieCasos+CoreDataClass.swift */; };
		E19F52ED29D0B8BC00146465 /* SerieCasos+CoreDataProperties.swift in Sources */ = {isa = PBXBuildFile; fileRef = E19F52E729D0B8BC00146465 /* SerieCasos+CoreDataProperties.swift */; };
		E19F52EE29D0B8BC00146465 /* SerieMortes+CoreDataClass.swift in Sources */ = {isa = PBXBuildFile; fileRef = E19F52E829D0B8BC00146465 /* SerieMortes+CoreDataClass.swift */; };
		E19F52EF29D0B8BC00146465 /* SerieMortes+CoreDataProperties.swift in Sources */ = {isa = PBXBuildFile; fileRef = E19F52E929D0B8BC00146465 /* SerieMortes+CoreDataProperties.swift */; };
		E19F52F029D0B8BC00146465 /* SerieRecuperados+CoreDataClass.swift in Sources */ = {isa = PBXBuildFile; fileRef = E19F52EA29D0B8BC00146465 /* SerieRecuperados+CoreDataClass.swift */; };
		E19F52F129D0B8BC00146465 /* SerieRecuperados+CoreDataProperties.swift in Sources */ = {isa = PBXBuildFile; fileRef = E19F52EB29D0B8BC00146465 /* SerieRecuperados+CoreDataProperties.swift */; };
		E19F52F429D0BCEB00146465 /* SeriesHistoricasPublisher.swift in Sources */ = {isa = PBXBuildFile; fileRef = E19F52F329D0BCEB00146465 /* SeriesHistoricasPublisher.swift */; };
		E19F52F629D10E8500146465 /* ErrorEnum.swift in Sources */ = {isa = PBXBuildFile; fileRef = E19F52F529D10E8500146465 /* ErrorEnum.swift */; };
		E19F52F929D1170B00146465 /* SeriesHistoricas+CoreDataClass.swift in Sources */ = {isa = PBXBuildFile; fileRef = E19F52F729D1170B00146465 /* SeriesHistoricas+CoreDataClass.swift */; };
		E19F52FA29D1170B00146465 /* SeriesHistoricas+CoreDataProperties.swift in Sources */ = {isa = PBXBuildFile; fileRef = E19F52F829D1170B00146465 /* SeriesHistoricas+CoreDataProperties.swift */; };
		E1A7FA2129A837F8006A4B97 /* ListaPaisesViewModel.swift in Sources */ = {isa = PBXBuildFile; fileRef = E1A7FA2029A837F8006A4B97 /* ListaPaisesViewModel.swift */; };
		E1A7FA2429A98B1D006A4B97 /* CabecalhoView.swift in Sources */ = {isa = PBXBuildFile; fileRef = E1A7FA2329A98B1D006A4B97 /* CabecalhoView.swift */; };
		E1A7FA2629A98B86006A4B97 /* LinhaDetalheView.swift in Sources */ = {isa = PBXBuildFile; fileRef = E1A7FA2529A98B86006A4B97 /* LinhaDetalheView.swift */; };
		E1A7FA2929A98D89006A4B97 /* BarraBuscaView.swift in Sources */ = {isa = PBXBuildFile; fileRef = E1A7FA2829A98D89006A4B97 /* BarraBuscaView.swift */; };
		E1A7FA2C29AC27C9006A4B97 /* Formas.swift in Sources */ = {isa = PBXBuildFile; fileRef = E1A7FA2B29AC27C9006A4B97 /* Formas.swift */; };
		E1A7FA2E29AC2CDB006A4B97 /* Botao.swift in Sources */ = {isa = PBXBuildFile; fileRef = E1A7FA2D29AC2CDB006A4B97 /* Botao.swift */; };
		E1A7FA3029AC3CB1006A4B97 /* GraficoView.swift in Sources */ = {isa = PBXBuildFile; fileRef = E1A7FA2F29AC3CB1006A4B97 /* GraficoView.swift */; };
		E1C5390229B6635600707035 /* ArtigoView.swift in Sources */ = {isa = PBXBuildFile; fileRef = E1C5390129B6635600707035 /* ArtigoView.swift */; };
		E1C5390429B7796A00707035 /* ArtigoModel.swift in Sources */ = {isa = PBXBuildFile; fileRef = E1C5390329B7796A00707035 /* ArtigoModel.swift */; };
		E1C5390A29B8093E00707035 /* ArtigosViewModel.swift in Sources */ = {isa = PBXBuildFile; fileRef = E1C5390929B8093E00707035 /* ArtigosViewModel.swift */; };
		E1C5390D29B90AA900707035 /* ErroView.swift in Sources */ = {isa = PBXBuildFile; fileRef = E1C5390C29B90AA900707035 /* ErroView.swift */; };
		E1C5390F29B9562800707035 /* ArtigoViewStyle.swift in Sources */ = {isa = PBXBuildFile; fileRef = E1C5390E29B9562800707035 /* ArtigoViewStyle.swift */; };
		E1C5391129B958CE00707035 /* ArtigoPainelCompactoView.swift in Sources */ = {isa = PBXBuildFile; fileRef = E1C5391029B958CE00707035 /* ArtigoPainelCompactoView.swift */; };
		E1C5391329B9638A00707035 /* BaseView.swift in Sources */ = {isa = PBXBuildFile; fileRef = E1C5391229B9638A00707035 /* BaseView.swift */; };
		E1C5391629BA29C300707035 /* TranslateManager.swift in Sources */ = {isa = PBXBuildFile; fileRef = E1C5391529BA29C300707035 /* TranslateManager.swift */; };
		E1C5391829BBA21800707035 /* ArtigoHeaderView.swift in Sources */ = {isa = PBXBuildFile; fileRef = E1C5391729BBA21800707035 /* ArtigoHeaderView.swift */; };
		E1C5391A29BBBF4F00707035 /* ArtigoPainelExtensoView.swift in Sources */ = {isa = PBXBuildFile; fileRef = E1C5391929BBBF4F00707035 /* ArtigoPainelExtensoView.swift */; };
		E1C5392029BCCFDB00707035 /* Router.swift in Sources */ = {isa = PBXBuildFile; fileRef = E1C5391F29BCCFDB00707035 /* Router.swift */; };
		E1C5392329BD30FE00707035 /* HeaderView.swift in Sources */ = {isa = PBXBuildFile; fileRef = E1C5392229BD30FE00707035 /* HeaderView.swift */; };
		E1C5392629BE418400707035 /* PaisPainelExtensoView.swift in Sources */ = {isa = PBXBuildFile; fileRef = E1C5392529BE418400707035 /* PaisPainelExtensoView.swift */; };
		E1C5392929BFED9E00707035 /* PlaceCardStyle.swift in Sources */ = {isa = PBXBuildFile; fileRef = E1C5392829BFED9E00707035 /* PlaceCardStyle.swift */; };
		E1C5392C29BFEEFE00707035 /* MundialPainelView.swift in Sources */ = {isa = PBXBuildFile; fileRef = E1C5392B29BFEEFE00707035 /* MundialPainelView.swift */; };
		E1C5392E29BFF02E00707035 /* MundialPainelDetalheView.swift in Sources */ = {isa = PBXBuildFile; fileRef = E1C5392D29BFF02E00707035 /* MundialPainelDetalheView.swift */; };
		E1C5393129C0E31700707035 /* MapaPaisPainelDetalhe.swift in Sources */ = {isa = PBXBuildFile; fileRef = E1C5393029C0E31700707035 /* MapaPaisPainelDetalhe.swift */; };
		E1C5393329C2218000707035 /* AjustesView.swift in Sources */ = {isa = PBXBuildFile; fileRef = E1C5393229C2218000707035 /* AjustesView.swift */; };
		E1C5393529C23F3A00707035 /* ContinentePainelView.swift in Sources */ = {isa = PBXBuildFile; fileRef = E1C5393429C23F3A00707035 /* ContinentePainelView.swift */; };
		E1C5393829C287B300707035 /* ContinenteListaView.swift in Sources */ = {isa = PBXBuildFile; fileRef = E1C5393729C287B200707035 /* ContinenteListaView.swift */; };
/* End PBXBuildFile section */

/* Begin PBXFileReference section */
		E1099EFC2997D6CE00A098BF /* projetoCovidMVVM.app */ = {isa = PBXFileReference; explicitFileType = wrapper.application; includeInIndex = 0; path = projetoCovidMVVM.app; sourceTree = BUILT_PRODUCTS_DIR; };
		E1099EFF2997D6CE00A098BF /* projetoCovidMVVMApp.swift */ = {isa = PBXFileReference; lastKnownFileType = sourcecode.swift; path = projetoCovidMVVMApp.swift; sourceTree = "<group>"; };
		E1099F012997D6CE00A098BF /* ContentView.swift */ = {isa = PBXFileReference; lastKnownFileType = sourcecode.swift; path = ContentView.swift; sourceTree = "<group>"; };
		E1099F032997D6D000A098BF /* Assets.xcassets */ = {isa = PBXFileReference; lastKnownFileType = folder.assetcatalog; path = Assets.xcassets; sourceTree = "<group>"; };
		E1099F062997D6D000A098BF /* Preview Assets.xcassets */ = {isa = PBXFileReference; lastKnownFileType = folder.assetcatalog; path = "Preview Assets.xcassets"; sourceTree = "<group>"; };
		E1099F132997D8F800A098BF /* MundialView.swift */ = {isa = PBXFileReference; lastKnownFileType = sourcecode.swift; path = MundialView.swift; sourceTree = "<group>"; };
		E1099F152997D91200A098BF /* PaisListaView.swift */ = {isa = PBXFileReference; lastKnownFileType = sourcecode.swift; path = PaisListaView.swift; sourceTree = "<group>"; };
		E1099F172997D96800A098BF /* ContinenteView.swift */ = {isa = PBXFileReference; lastKnownFileType = sourcecode.swift; path = ContinenteView.swift; sourceTree = "<group>"; };
		E1099F192997DB2100A098BF /* PaisModel.swift */ = {isa = PBXFileReference; lastKnownFileType = sourcecode.swift; path = PaisModel.swift; sourceTree = "<group>"; };
		E1099F1B2997DB7D00A098BF /* MundialModel.swift */ = {isa = PBXFileReference; lastKnownFileType = sourcecode.swift; path = MundialModel.swift; sourceTree = "<group>"; };
		E1099F1D2997DC5000A098BF /* NetworkService.swift */ = {isa = PBXFileReference; lastKnownFileType = sourcecode.swift; path = NetworkService.swift; sourceTree = "<group>"; };
		E1099F1F2997DE8D00A098BF /* APIConstants.swift */ = {isa = PBXFileReference; lastKnownFileType = sourcecode.swift; path = APIConstants.swift; sourceTree = "<group>"; };
		E1099F232997E19F00A098BF /* MundialViewModel.swift */ = {isa = PBXFileReference; lastKnownFileType = sourcecode.swift; path = MundialViewModel.swift; sourceTree = "<group>"; };
		E1099F25299A7ACA00A098BF /* LoadingView.swift */ = {isa = PBXFileReference; lastKnownFileType = sourcecode.swift; path = LoadingView.swift; sourceTree = "<group>"; };
		E1099F28299DB1BD00A098BF /* EndPoint.swift */ = {isa = PBXFileReference; lastKnownFileType = sourcecode.swift; path = EndPoint.swift; sourceTree = "<group>"; };
		E1099F2A299DB1D500A098BF /* HTTPClient.swift */ = {isa = PBXFileReference; lastKnownFileType = sourcecode.swift; path = HTTPClient.swift; sourceTree = "<group>"; };
		E1099F2C299DB1E900A098BF /* HTTPMethod.swift */ = {isa = PBXFileReference; lastKnownFileType = sourcecode.swift; path = HTTPMethod.swift; sourceTree = "<group>"; };
		E1099F2E299DB24200A098BF /* RequestError.swift */ = {isa = PBXFileReference; lastKnownFileType = sourcecode.swift; path = RequestError.swift; sourceTree = "<group>"; };
		E1099F32299DB45100A098BF /* COVIDEndpoint.swift */ = {isa = PBXFileReference; lastKnownFileType = sourcecode.swift; path = COVIDEndpoint.swift; sourceTree = "<group>"; };
		E1099F3429A1041700A098BF /* Extensions.swift */ = {isa = PBXFileReference; lastKnownFileType = sourcecode.swift; path = Extensions.swift; sourceTree = "<group>"; };
		E151955929CE646800F8C382 /* CovidDataModel.xcdatamodel */ = {isa = PBXFileReference; lastKnownFileType = wrapper.xcdatamodel; path = CovidDataModel.xcdatamodel; sourceTree = "<group>"; };
		E151955B29CE68A800F8C382 /* Persistence.swift */ = {isa = PBXFileReference; lastKnownFileType = sourcecode.swift; path = Persistence.swift; sourceTree = "<group>"; };
		E16160D329C775710081813F /* Enums.swift */ = {isa = PBXFileReference; lastKnownFileType = sourcecode.swift; path = Enums.swift; sourceTree = "<group>"; };
		E16160D529C88DF80081813F /* GraficoMundialView.swift */ = {isa = PBXFileReference; lastKnownFileType = sourcecode.swift; path = GraficoMundialView.swift; sourceTree = "<group>"; };
		E16160D729C925EE0081813F /* MundialSeriesModel.swift */ = {isa = PBXFileReference; lastKnownFileType = sourcecode.swift; path = MundialSeriesModel.swift; sourceTree = "<group>"; };
		E16160D929C931C50081813F /* Series14DiasViewModel.swift */ = {isa = PBXFileReference; lastKnownFileType = sourcecode.swift; path = Series14DiasViewModel.swift; sourceTree = "<group>"; };
		E16160DB29C931D50081813F /* Series30DiasViewModel.swift */ = {isa = PBXFileReference; lastKnownFileType = sourcecode.swift; path = Series30DiasViewModel.swift; sourceTree = "<group>"; };
		E16160DD29C931E90081813F /* Series90DiasViewModel.swift */ = {isa = PBXFileReference; lastKnownFileType = sourcecode.swift; path = Series90DiasViewModel.swift; sourceTree = "<group>"; };
		E18762B229B1682B009B75F7 /* ContinenteModel.swift */ = {isa = PBXFileReference; lastKnownFileType = sourcecode.swift; path = ContinenteModel.swift; sourceTree = "<group>"; };
		E18762B429B16CFA009B75F7 /* ContinenteViewModel.swift */ = {isa = PBXFileReference; lastKnownFileType = sourcecode.swift; path = ContinenteViewModel.swift; sourceTree = "<group>"; };
		E18C99AD29C4D7A200CF2260 /* ContinentePainelDetalheView.swift */ = {isa = PBXFileReference; lastKnownFileType = sourcecode.swift; path = ContinentePainelDetalheView.swift; sourceTree = "<group>"; };
		E19F52E629D0B8BC00146465 /* SerieCasos+CoreDataClass.swift */ = {isa = PBXFileReference; lastKnownFileType = sourcecode.swift; path = "SerieCasos+CoreDataClass.swift"; sourceTree = "<group>"; };
		E19F52E729D0B8BC00146465 /* SerieCasos+CoreDataProperties.swift */ = {isa = PBXFileReference; lastKnownFileType = sourcecode.swift; path = "SerieCasos+CoreDataProperties.swift"; sourceTree = "<group>"; };
		E19F52E829D0B8BC00146465 /* SerieMortes+CoreDataClass.swift */ = {isa = PBXFileReference; lastKnownFileType = sourcecode.swift; path = "SerieMortes+CoreDataClass.swift"; sourceTree = "<group>"; };
		E19F52E929D0B8BC00146465 /* SerieMortes+CoreDataProperties.swift */ = {isa = PBXFileReference; lastKnownFileType = sourcecode.swift; path = "SerieMortes+CoreDataProperties.swift"; sourceTree = "<group>"; };
		E19F52EA29D0B8BC00146465 /* SerieRecuperados+CoreDataClass.swift */ = {isa = PBXFileReference; lastKnownFileType = sourcecode.swift; path = "SerieRecuperados+CoreDataClass.swift"; sourceTree = "<group>"; };
		E19F52EB29D0B8BC00146465 /* SerieRecuperados+CoreDataProperties.swift */ = {isa = PBXFileReference; lastKnownFileType = sourcecode.swift; path = "SerieRecuperados+CoreDataProperties.swift"; sourceTree = "<group>"; };
		E19F52F329D0BCEB00146465 /* SeriesHistoricasPublisher.swift */ = {isa = PBXFileReference; lastKnownFileType = sourcecode.swift; path = SeriesHistoricasPublisher.swift; sourceTree = "<group>"; };
		E19F52F529D10E8500146465 /* ErrorEnum.swift */ = {isa = PBXFileReference; lastKnownFileType = sourcecode.swift; path = ErrorEnum.swift; sourceTree = "<group>"; };
		E19F52F729D1170B00146465 /* SeriesHistoricas+CoreDataClass.swift */ = {isa = PBXFileReference; lastKnownFileType = sourcecode.swift; path = "SeriesHistoricas+CoreDataClass.swift"; sourceTree = "<group>"; };
		E19F52F829D1170B00146465 /* SeriesHistoricas+CoreDataProperties.swift */ = {isa = PBXFileReference; lastKnownFileType = sourcecode.swift; path = "SeriesHistoricas+CoreDataProperties.swift"; sourceTree = "<group>"; };
		E1A7FA2029A837F8006A4B97 /* ListaPaisesViewModel.swift */ = {isa = PBXFileReference; lastKnownFileType = sourcecode.swift; path = ListaPaisesViewModel.swift; sourceTree = "<group>"; };
		E1A7FA2329A98B1D006A4B97 /* CabecalhoView.swift */ = {isa = PBXFileReference; lastKnownFileType = sourcecode.swift; path = CabecalhoView.swift; sourceTree = "<group>"; };
		E1A7FA2529A98B86006A4B97 /* LinhaDetalheView.swift */ = {isa = PBXFileReference; lastKnownFileType = sourcecode.swift; path = LinhaDetalheView.swift; sourceTree = "<group>"; };
		E1A7FA2829A98D89006A4B97 /* BarraBuscaView.swift */ = {isa = PBXFileReference; lastKnownFileType = sourcecode.swift; path = BarraBuscaView.swift; sourceTree = "<group>"; };
		E1A7FA2A29AA5962006A4B97 /* Info.plist */ = {isa = PBXFileReference; lastKnownFileType = text.plist; path = Info.plist; sourceTree = "<group>"; };
		E1A7FA2B29AC27C9006A4B97 /* Formas.swift */ = {isa = PBXFileReference; lastKnownFileType = sourcecode.swift; path = Formas.swift; sourceTree = "<group>"; };
		E1A7FA2D29AC2CDB006A4B97 /* Botao.swift */ = {isa = PBXFileReference; lastKnownFileType = sourcecode.swift; path = Botao.swift; sourceTree = "<group>"; };
		E1A7FA2F29AC3CB1006A4B97 /* GraficoView.swift */ = {isa = PBXFileReference; lastKnownFileType = sourcecode.swift; path = GraficoView.swift; sourceTree = "<group>"; };
		E1C5390129B6635600707035 /* ArtigoView.swift */ = {isa = PBXFileReference; lastKnownFileType = sourcecode.swift; path = ArtigoView.swift; sourceTree = "<group>"; };
		E1C5390329B7796A00707035 /* ArtigoModel.swift */ = {isa = PBXFileReference; lastKnownFileType = sourcecode.swift; path = ArtigoModel.swift; sourceTree = "<group>"; };
		E1C5390929B8093E00707035 /* ArtigosViewModel.swift */ = {isa = PBXFileReference; lastKnownFileType = sourcecode.swift; path = ArtigosViewModel.swift; sourceTree = "<group>"; };
		E1C5390C29B90AA900707035 /* ErroView.swift */ = {isa = PBXFileReference; lastKnownFileType = sourcecode.swift; path = ErroView.swift; sourceTree = "<group>"; };
		E1C5390E29B9562800707035 /* ArtigoViewStyle.swift */ = {isa = PBXFileReference; lastKnownFileType = sourcecode.swift; path = ArtigoViewStyle.swift; sourceTree = "<group>"; };
		E1C5391029B958CE00707035 /* ArtigoPainelCompactoView.swift */ = {isa = PBXFileReference; lastKnownFileType = sourcecode.swift; path = ArtigoPainelCompactoView.swift; sourceTree = "<group>"; };
		E1C5391229B9638A00707035 /* BaseView.swift */ = {isa = PBXFileReference; lastKnownFileType = sourcecode.swift; path = BaseView.swift; sourceTree = "<group>"; };
		E1C5391529BA29C300707035 /* TranslateManager.swift */ = {isa = PBXFileReference; lastKnownFileType = sourcecode.swift; path = TranslateManager.swift; sourceTree = "<group>"; };
		E1C5391729BBA21800707035 /* ArtigoHeaderView.swift */ = {isa = PBXFileReference; lastKnownFileType = sourcecode.swift; path = ArtigoHeaderView.swift; sourceTree = "<group>"; };
		E1C5391929BBBF4F00707035 /* ArtigoPainelExtensoView.swift */ = {isa = PBXFileReference; lastKnownFileType = sourcecode.swift; path = ArtigoPainelExtensoView.swift; sourceTree = "<group>"; };
		E1C5391F29BCCFDB00707035 /* Router.swift */ = {isa = PBXFileReference; lastKnownFileType = sourcecode.swift; path = Router.swift; sourceTree = "<group>"; };
		E1C5392229BD30FE00707035 /* HeaderView.swift */ = {isa = PBXFileReference; lastKnownFileType = sourcecode.swift; path = HeaderView.swift; sourceTree = "<group>"; };
		E1C5392529BE418400707035 /* PaisPainelExtensoView.swift */ = {isa = PBXFileReference; lastKnownFileType = sourcecode.swift; path = PaisPainelExtensoView.swift; sourceTree = "<group>"; };
		E1C5392829BFED9E00707035 /* PlaceCardStyle.swift */ = {isa = PBXFileReference; lastKnownFileType = sourcecode.swift; path = PlaceCardStyle.swift; sourceTree = "<group>"; };
		E1C5392B29BFEEFE00707035 /* MundialPainelView.swift */ = {isa = PBXFileReference; lastKnownFileType = sourcecode.swift; path = MundialPainelView.swift; sourceTree = "<group>"; };
		E1C5392D29BFF02E00707035 /* MundialPainelDetalheView.swift */ = {isa = PBXFileReference; lastKnownFileType = sourcecode.swift; path = MundialPainelDetalheView.swift; sourceTree = "<group>"; };
		E1C5393029C0E31700707035 /* MapaPaisPainelDetalhe.swift */ = {isa = PBXFileReference; lastKnownFileType = sourcecode.swift; path = MapaPaisPainelDetalhe.swift; sourceTree = "<group>"; };
		E1C5393229C2218000707035 /* AjustesView.swift */ = {isa = PBXFileReference; lastKnownFileType = sourcecode.swift; path = AjustesView.swift; sourceTree = "<group>"; };
		E1C5393429C23F3A00707035 /* ContinentePainelView.swift */ = {isa = PBXFileReference; lastKnownFileType = sourcecode.swift; path = ContinentePainelView.swift; sourceTree = "<group>"; };
		E1C5393729C287B200707035 /* ContinenteListaView.swift */ = {isa = PBXFileReference; lastKnownFileType = sourcecode.swift; path = ContinenteListaView.swift; sourceTree = "<group>"; };
/* End PBXFileReference section */

/* Begin PBXFrameworksBuildPhase section */
		E1099EF92997D6CE00A098BF /* Frameworks */ = {
			isa = PBXFrameworksBuildPhase;
			buildActionMask = 2147483647;
			files = (
			);
			runOnlyForDeploymentPostprocessing = 0;
		};
/* End PBXFrameworksBuildPhase section */

/* Begin PBXGroup section */
		E1099EF32997D6CE00A098BF = {
			isa = PBXGroup;
			children = (
				E19F52F729D1170B00146465 /* SeriesHistoricas+CoreDataClass.swift */,
				E19F52F829D1170B00146465 /* SeriesHistoricas+CoreDataProperties.swift */,
				E19F52E629D0B8BC00146465 /* SerieCasos+CoreDataClass.swift */,
				E19F52E729D0B8BC00146465 /* SerieCasos+CoreDataProperties.swift */,
				E19F52E829D0B8BC00146465 /* SerieMortes+CoreDataClass.swift */,
				E19F52E929D0B8BC00146465 /* SerieMortes+CoreDataProperties.swift */,
				E19F52EA29D0B8BC00146465 /* SerieRecuperados+CoreDataClass.swift */,
				E19F52EB29D0B8BC00146465 /* SerieRecuperados+CoreDataProperties.swift */,
				E1099EFE2997D6CE00A098BF /* projetoCovidMVVM */,
				E1099EFD2997D6CE00A098BF /* Products */,
			);
			sourceTree = "<group>";
		};
		E1099EFD2997D6CE00A098BF /* Products */ = {
			isa = PBXGroup;
			children = (
				E1099EFC2997D6CE00A098BF /* projetoCovidMVVM.app */,
			);
			name = Products;
			sourceTree = "<group>";
		};
		E1099EFE2997D6CE00A098BF /* projetoCovidMVVM */ = {
			isa = PBXGroup;
			children = (
				E1099F032997D6D000A098BF /* Assets.xcassets */,
				E1099F012997D6CE00A098BF /* ContentView.swift */,
				E1099F0D2997D78300A098BF /* Base */,
				E1099F0E2997D78D00A098BF /* Features */,
				E1A7FA2A29AA5962006A4B97 /* Info.plist */,
				E1099F052997D6D000A098BF /* Preview Content */,
				E1099EFF2997D6CE00A098BF /* projetoCovidMVVMApp.swift */,
				E151955829CE646800F8C382 /* CovidDataModel.xcdatamodeld */,
			);
			path = projetoCovidMVVM;
			sourceTree = "<group>";
		};
		E1099F052997D6D000A098BF /* Preview Content */ = {
			isa = PBXGroup;
			children = (
				E1099F062997D6D000A098BF /* Preview Assets.xcassets */,
			);
			path = "Preview Content";
			sourceTree = "<group>";
		};
		E1099F0D2997D78300A098BF /* Base */ = {
			isa = PBXGroup;
			children = (
				E1C5390B29B90A9200707035 /* ErrorHandling */,
				E1099F1F2997DE8D00A098BF /* APIConstants.swift */,
				E1099F3429A1041700A098BF /* Extensions.swift */,
				E16160D329C775710081813F /* Enums.swift */,
			);
			path = Base;
			sourceTree = "<group>";
		};
		E1099F0E2997D78D00A098BF /* Features */ = {
			isa = PBXGroup;
			children = (
				E19F52F229D0BCD200146465 /* Services */,
				E1C5391E29BCCFCA00707035 /* Router */,
				E1099F0F2997D79800A098BF /* Model */,
				E1099F122997D7FF00A098BF /* Network */,
				E1099F112997D7DD00A098BF /* ViewModel */,
				E1099F102997D7A200A098BF /* View */,
			);
			path = Features;
			sourceTree = "<group>";
		};
		E1099F0F2997D79800A098BF /* Model */ = {
			isa = PBXGroup;
			children = (
				E1C5390329B7796A00707035 /* ArtigoModel.swift */,
				E18762B229B1682B009B75F7 /* ContinenteModel.swift */,
				E1099F1B2997DB7D00A098BF /* MundialModel.swift */,
				E1099F192997DB2100A098BF /* PaisModel.swift */,
				E16160D729C925EE0081813F /* MundialSeriesModel.swift */,
			);
			path = Model;
			sourceTree = "<group>";
		};
		E1099F102997D7A200A098BF /* View */ = {
			isa = PBXGroup;
			children = (
				E1A7FA2729A98C24006A4B97 /* Screens */,
				E1A7FA2229A98B02006A4B97 /* Componentes */,
			);
			path = View;
			sourceTree = "<group>";
		};
		E1099F112997D7DD00A098BF /* ViewModel */ = {
			isa = PBXGroup;
			children = (
				E1C5390929B8093E00707035 /* ArtigosViewModel.swift */,
				E18762B429B16CFA009B75F7 /* ContinenteViewModel.swift */,
				E1A7FA2029A837F8006A4B97 /* ListaPaisesViewModel.swift */,
				E1099F232997E19F00A098BF /* MundialViewModel.swift */,
				E16160D929C931C50081813F /* Series14DiasViewModel.swift */,
				E16160DB29C931D50081813F /* Series30DiasViewModel.swift */,
				E16160DD29C931E90081813F /* Series90DiasViewModel.swift */,
			);
			path = ViewModel;
			sourceTree = "<group>";
		};
		E1099F122997D7FF00A098BF /* Network */ = {
			isa = PBXGroup;
			children = (
				E1099F27299DB1A200A098BF /* Base */,
				E1099F31299DB31600A098BF /* Endpoints */,
				E1099F30299DB25500A098BF /* Services */,
			);
			path = Network;
			sourceTree = "<group>";
		};
		E1099F27299DB1A200A098BF /* Base */ = {
			isa = PBXGroup;
			children = (
				E1099F28299DB1BD00A098BF /* EndPoint.swift */,
				E1099F2A299DB1D500A098BF /* HTTPClient.swift */,
				E1099F2C299DB1E900A098BF /* HTTPMethod.swift */,
				E1099F2E299DB24200A098BF /* RequestError.swift */,
			);
			path = Base;
			sourceTree = "<group>";
		};
		E1099F30299DB25500A098BF /* Services */ = {
			isa = PBXGroup;
			children = (
				E1099F1D2997DC5000A098BF /* NetworkService.swift */,
				E1C5391529BA29C300707035 /* TranslateManager.swift */,
				E151955B29CE68A800F8C382 /* Persistence.swift */,
			);
			path = Services;
			sourceTree = "<group>";
		};
		E1099F31299DB31600A098BF /* Endpoints */ = {
			isa = PBXGroup;
			children = (
				E1099F32299DB45100A098BF /* COVIDEndpoint.swift */,
			);
			path = Endpoints;
			sourceTree = "<group>";
		};
		E19F52F229D0BCD200146465 /* Services */ = {
			isa = PBXGroup;
			children = (
				E19F52F329D0BCEB00146465 /* SeriesHistoricasPublisher.swift */,
			);
			path = Services;
			sourceTree = "<group>";
		};
		E1A7FA2229A98B02006A4B97 /* Componentes */ = {
			isa = PBXGroup;
			children = (
				E1C5391429BA0F8A00707035 /* Artigo */,
				E1A7FA2829A98D89006A4B97 /* BarraBuscaView.swift */,
				E1A7FA2D29AC2CDB006A4B97 /* Botao.swift */,
				E1A7FA2329A98B1D006A4B97 /* CabecalhoView.swift */,
				E1C5393629C2854B00707035 /* Continente */,
				E1C5392729BFED6900707035 /* Estilos */,
				E1A7FA2B29AC27C9006A4B97 /* Formas.swift */,
				E1C5392129BD30E300707035 /* Header */,
				E1A7FA2529A98B86006A4B97 /* LinhaDetalheView.swift */,
				E1099F25299A7ACA00A098BF /* LoadingView.swift */,
				E1C5392F29C0E2C100707035 /* Mapas */,
				E1C5392A29BFEED400707035 /* Mundial */,
				E1C5392429BE415500707035 /* Pais */,
			);
			path = Componentes;
			sourceTree = "<group>";
		};
		E1A7FA2729A98C24006A4B97 /* Screens */ = {
			isa = PBXGroup;
			children = (
				E1C5393229C2218000707035 /* AjustesView.swift */,
				E1C5390129B6635600707035 /* ArtigoView.swift */,
				E1C5391229B9638A00707035 /* BaseView.swift */,
				E1C5393729C287B200707035 /* ContinenteListaView.swift */,
				E1A7FA2F29AC3CB1006A4B97 /* GraficoView.swift */,
				E1099F172997D96800A098BF /* ContinenteView.swift */,
				E1099F132997D8F800A098BF /* MundialView.swift */,
				E1099F152997D91200A098BF /* PaisListaView.swift */,
			);
			path = Screens;
			sourceTree = "<group>";
		};
		E1C5390B29B90A9200707035 /* ErrorHandling */ = {
			isa = PBXGroup;
			children = (
				E1C5390C29B90AA900707035 /* ErroView.swift */,
				E19F52F529D10E8500146465 /* ErrorEnum.swift */,
			);
			path = ErrorHandling;
			sourceTree = "<group>";
		};
		E1C5391429BA0F8A00707035 /* Artigo */ = {
			isa = PBXGroup;
			children = (
				E1C5391729BBA21800707035 /* ArtigoHeaderView.swift */,
				E1C5391029B958CE00707035 /* ArtigoPainelCompactoView.swift */,
				E1C5391929BBBF4F00707035 /* ArtigoPainelExtensoView.swift */,
			);
			path = Artigo;
			sourceTree = "<group>";
		};
		E1C5391E29BCCFCA00707035 /* Router */ = {
			isa = PBXGroup;
			children = (
				E1C5391F29BCCFDB00707035 /* Router.swift */,
			);
			path = Router;
			sourceTree = "<group>";
		};
		E1C5392129BD30E300707035 /* Header */ = {
			isa = PBXGroup;
			children = (
				E1C5392229BD30FE00707035 /* HeaderView.swift */,
			);
			path = Header;
			sourceTree = "<group>";
		};
		E1C5392429BE415500707035 /* Pais */ = {
			isa = PBXGroup;
			children = (
				E1C5392529BE418400707035 /* PaisPainelExtensoView.swift */,
			);
			path = Pais;
			sourceTree = "<group>";
		};
		E1C5392729BFED6900707035 /* Estilos */ = {
			isa = PBXGroup;
			children = (
				E1C5390E29B9562800707035 /* ArtigoViewStyle.swift */,
				E1C5392829BFED9E00707035 /* PlaceCardStyle.swift */,
			);
			path = Estilos;
			sourceTree = "<group>";
		};
		E1C5392A29BFEED400707035 /* Mundial */ = {
			isa = PBXGroup;
			children = (
				E1C5392B29BFEEFE00707035 /* MundialPainelView.swift */,
				E1C5392D29BFF02E00707035 /* MundialPainelDetalheView.swift */,
				E16160D529C88DF80081813F /* GraficoMundialView.swift */,
			);
			path = Mundial;
			sourceTree = "<group>";
		};
		E1C5392F29C0E2C100707035 /* Mapas */ = {
			isa = PBXGroup;
			children = (
				E1C5393029C0E31700707035 /* MapaPaisPainelDetalhe.swift */,
			);
			path = Mapas;
			sourceTree = "<group>";
		};
		E1C5393629C2854B00707035 /* Continente */ = {
			isa = PBXGroup;
			children = (
				E1C5393429C23F3A00707035 /* ContinentePainelView.swift */,
				E18C99AD29C4D7A200CF2260 /* ContinentePainelDetalheView.swift */,
			);
			path = Continente;
			sourceTree = "<group>";
		};
/* End PBXGroup section */

/* Begin PBXNativeTarget section */
		E1099EFB2997D6CE00A098BF /* projetoCovidMVVM */ = {
			isa = PBXNativeTarget;
			buildConfigurationList = E1099F0A2997D6D000A098BF /* Build configuration list for PBXNativeTarget "projetoCovidMVVM" */;
			buildPhases = (
				E1099EF82997D6CE00A098BF /* Sources */,
				E1099EF92997D6CE00A098BF /* Frameworks */,
				E1099EFA2997D6CE00A098BF /* Resources */,
			);
			buildRules = (
			);
			dependencies = (
			);
			name = projetoCovidMVVM;
			packageProductDependencies = (
			);
			productName = projetoCovidMVVM;
			productReference = E1099EFC2997D6CE00A098BF /* projetoCovidMVVM.app */;
			productType = "com.apple.product-type.application";
		};
/* End PBXNativeTarget section */

/* Begin PBXProject section */
		E1099EF42997D6CE00A098BF /* Project object */ = {
			isa = PBXProject;
			attributes = {
				BuildIndependentTargetsInParallel = 1;
				LastSwiftUpdateCheck = 1420;
				LastUpgradeCheck = 1420;
				TargetAttributes = {
					E1099EFB2997D6CE00A098BF = {
						CreatedOnToolsVersion = 14.2;
					};
				};
			};
			buildConfigurationList = E1099EF72997D6CE00A098BF /* Build configuration list for PBXProject "projetoCovidMVVM" */;
			compatibilityVersion = "Xcode 14.0";
			developmentRegion = en;
			hasScannedForEncodings = 0;
			knownRegions = (
				en,
				Base,
			);
			mainGroup = E1099EF32997D6CE00A098BF;
			packageReferences = (
				E1C5391B29BCCE0200707035 /* XCRemoteSwiftPackageReference "swiftui-navigation-stack" */,
			);
			productRefGroup = E1099EFD2997D6CE00A098BF /* Products */;
			projectDirPath = "";
			projectRoot = "";
			targets = (
				E1099EFB2997D6CE00A098BF /* projetoCovidMVVM */,
			);
		};
/* End PBXProject section */

/* Begin PBXResourcesBuildPhase section */
		E1099EFA2997D6CE00A098BF /* Resources */ = {
			isa = PBXResourcesBuildPhase;
			buildActionMask = 2147483647;
			files = (
				E1099F072997D6D000A098BF /* Preview Assets.xcassets in Resources */,
				E1099F042997D6D000A098BF /* Assets.xcassets in Resources */,
			);
			runOnlyForDeploymentPostprocessing = 0;
		};
/* End PBXResourcesBuildPhase section */

/* Begin PBXSourcesBuildPhase section */
		E1099EF82997D6CE00A098BF /* Sources */ = {
			isa = PBXSourcesBuildPhase;
			buildActionMask = 2147483647;
			files = (
				E1099F2F299DB24200A098BF /* RequestError.swift in Sources */,
				E1C5390229B6635600707035 /* ArtigoView.swift in Sources */,
				E1C5392C29BFEEFE00707035 /* MundialPainelView.swift in Sources */,
				E1099F3529A1041700A098BF /* Extensions.swift in Sources */,
				E1099F29299DB1BD00A098BF /* EndPoint.swift in Sources */,
				E16160D629C88DF80081813F /* GraficoMundialView.swift in Sources */,
				E16160DE29C931E90081813F /* Series90DiasViewModel.swift in Sources */,
				E1A7FA2E29AC2CDB006A4B97 /* Botao.swift in Sources */,
				E1C5390F29B9562800707035 /* ArtigoViewStyle.swift in Sources */,
				E1A7FA2129A837F8006A4B97 /* ListaPaisesViewModel.swift in Sources */,
				E1C5392E29BFF02E00707035 /* MundialPainelDetalheView.swift in Sources */,
				E1C5393829C287B300707035 /* ContinenteListaView.swift in Sources */,
				E1099F1A2997DB2100A098BF /* PaisModel.swift in Sources */,
				E19F52F129D0B8BC00146465 /* SerieRecuperados+CoreDataProperties.swift in Sources */,
				E19F52F629D10E8500146465 /* ErrorEnum.swift in Sources */,
				E1C5392029BCCFDB00707035 /* Router.swift in Sources */,
				E1099F022997D6CE00A098BF /* ContentView.swift in Sources */,
				E18C99AE29C4D7A200CF2260 /* ContinentePainelDetalheView.swift in Sources */,
				E1C5391A29BBBF4F00707035 /* ArtigoPainelExtensoView.swift in Sources */,
				E1C5391329B9638A00707035 /* BaseView.swift in Sources */,
				E19F52EF29D0B8BC00146465 /* SerieMortes+CoreDataProperties.swift in Sources */,
				E19F52ED29D0B8BC00146465 /* SerieCasos+CoreDataProperties.swift in Sources */,
				E1C5391629BA29C300707035 /* TranslateManager.swift in Sources */,
				E19F52F929D1170B00146465 /* SeriesHistoricas+CoreDataClass.swift in Sources */,
				E18762B329B1682B009B75F7 /* ContinenteModel.swift in Sources */,
				E1C5391129B958CE00707035 /* ArtigoPainelCompactoView.swift in Sources */,
				E1C5391829BBA21800707035 /* ArtigoHeaderView.swift in Sources */,
				E19F52F029D0B8BC00146465 /* SerieRecuperados+CoreDataClass.swift in Sources */,
				E1C5393329C2218000707035 /* AjustesView.swift in Sources */,
				E1C5393529C23F3A00707035 /* ContinentePainelView.swift in Sources */,
				E1C5390429B7796A00707035 /* ArtigoModel.swift in Sources */,
				E19F52F429D0BCEB00146465 /* SeriesHistoricasPublisher.swift in Sources */,
				E1A7FA2429A98B1D006A4B97 /* CabecalhoView.swift in Sources */,
				E1099F33299DB45100A098BF /* COVIDEndpoint.swift in Sources */,
				E1C5390A29B8093E00707035 /* ArtigosViewModel.swift in Sources */,
				E1099F1E2997DC5000A098BF /* NetworkService.swift in Sources */,
				E1099F1C2997DB7D00A098BF /* MundialModel.swift in Sources */,
				E1099F26299A7ACA00A098BF /* LoadingView.swift in Sources */,
				E1A7FA2629A98B86006A4B97 /* LinhaDetalheView.swift in Sources */,
				E1099F142997D8F800A098BF /* MundialView.swift in Sources */,
				E1C5392329BD30FE00707035 /* HeaderView.swift in Sources */,
				E1099F2D299DB1E900A098BF /* HTTPMethod.swift in Sources */,
				E1099F202997DE8D00A098BF /* APIConstants.swift in Sources */,
				E1C5390D29B90AA900707035 /* ErroView.swift in Sources */,
				E1C5392629BE418400707035 /* PaisPainelExtensoView.swift in Sources */,
				E16160DA29C931C50081813F /* Series14DiasViewModel.swift in Sources */,
				E1C5393129C0E31700707035 /* MapaPaisPainelDetalhe.swift in Sources */,
				E1099F002997D6CE00A098BF /* projetoCovidMVVMApp.swift in Sources */,
				E16160D829C925EE0081813F /* MundialSeriesModel.swift in Sources */,
				E1C5392929BFED9E00707035 /* PlaceCardStyle.swift in Sources */,
				E1A7FA3029AC3CB1006A4B97 /* GraficoView.swift in Sources */,
				E151955C29CE68A800F8C382 /* Persistence.swift in Sources */,
				E1099F2B299DB1D500A098BF /* HTTPClient.swift in Sources */,
				E19F52EC29D0B8BC00146465 /* SerieCasos+CoreDataClass.swift in Sources */,
				E19F52FA29D1170B00146465 /* SeriesHistoricas+CoreDataProperties.swift in Sources */,
				E1099F182997D96800A098BF /* ContinenteView.swift in Sources */,
				E16160DC29C931D50081813F /* Series30DiasViewModel.swift in Sources */,
				E1099F242997E19F00A098BF /* MundialViewModel.swift in Sources */,
				E1A7FA2929A98D89006A4B97 /* BarraBuscaView.swift in Sources */,
				E1099F162997D91200A098BF /* PaisListaView.swift in Sources */,
				E1A7FA2C29AC27C9006A4B97 /* Formas.swift in Sources */,
				E19F52EE29D0B8BC00146465 /* SerieMortes+CoreDataClass.swift in Sources */,
				E151955A29CE646800F8C382 /* CovidDataModel.xcdatamodeld in Sources */,
				E16160D429C775710081813F /* Enums.swift in Sources */,
				E18762B529B16CFA009B75F7 /* ContinenteViewModel.swift in Sources */,
			);
			runOnlyForDeploymentPostprocessing = 0;
		};
/* End PBXSourcesBuildPhase section */

/* Begin XCBuildConfiguration section */
		E1099F082997D6D000A098BF /* Debug */ = {
			isa = XCBuildConfiguration;
			buildSettings = {
				ALWAYS_SEARCH_USER_PATHS = NO;
				CLANG_ANALYZER_NONNULL = YES;
				CLANG_ANALYZER_NUMBER_OBJECT_CONVERSION = YES_AGGRESSIVE;
				CLANG_CXX_LANGUAGE_STANDARD = "gnu++20";
				CLANG_ENABLE_MODULES = YES;
				CLANG_ENABLE_OBJC_ARC = YES;
				CLANG_ENABLE_OBJC_WEAK = YES;
				CLANG_WARN_BLOCK_CAPTURE_AUTORELEASING = YES;
				CLANG_WARN_BOOL_CONVERSION = YES;
				CLANG_WARN_COMMA = YES;
				CLANG_WARN_CONSTANT_CONVERSION = YES;
				CLANG_WARN_DEPRECATED_OBJC_IMPLEMENTATIONS = YES;
				CLANG_WARN_DIRECT_OBJC_ISA_USAGE = YES_ERROR;
				CLANG_WARN_DOCUMENTATION_COMMENTS = YES;
				CLANG_WARN_EMPTY_BODY = YES;
				CLANG_WARN_ENUM_CONVERSION = YES;
				CLANG_WARN_INFINITE_RECURSION = YES;
				CLANG_WARN_INT_CONVERSION = YES;
				CLANG_WARN_NON_LITERAL_NULL_CONVERSION = YES;
				CLANG_WARN_OBJC_IMPLICIT_RETAIN_SELF = YES;
				CLANG_WARN_OBJC_LITERAL_CONVERSION = YES;
				CLANG_WARN_OBJC_ROOT_CLASS = YES_ERROR;
				CLANG_WARN_QUOTED_INCLUDE_IN_FRAMEWORK_HEADER = YES;
				CLANG_WARN_RANGE_LOOP_ANALYSIS = YES;
				CLANG_WARN_STRICT_PROTOTYPES = YES;
				CLANG_WARN_SUSPICIOUS_MOVE = YES;
				CLANG_WARN_UNGUARDED_AVAILABILITY = YES_AGGRESSIVE;
				CLANG_WARN_UNREACHABLE_CODE = YES;
				CLANG_WARN__DUPLICATE_METHOD_MATCH = YES;
				COPY_PHASE_STRIP = NO;
				DEBUG_INFORMATION_FORMAT = dwarf;
				ENABLE_STRICT_OBJC_MSGSEND = YES;
				ENABLE_TESTABILITY = YES;
				GCC_C_LANGUAGE_STANDARD = gnu11;
				GCC_DYNAMIC_NO_PIC = NO;
				GCC_NO_COMMON_BLOCKS = YES;
				GCC_OPTIMIZATION_LEVEL = 0;
				GCC_PREPROCESSOR_DEFINITIONS = (
					"DEBUG=1",
					"$(inherited)",
				);
				GCC_WARN_64_TO_32_BIT_CONVERSION = YES;
				GCC_WARN_ABOUT_RETURN_TYPE = YES_ERROR;
				GCC_WARN_UNDECLARED_SELECTOR = YES;
				GCC_WARN_UNINITIALIZED_AUTOS = YES_AGGRESSIVE;
				GCC_WARN_UNUSED_FUNCTION = YES;
				GCC_WARN_UNUSED_VARIABLE = YES;
				IPHONEOS_DEPLOYMENT_TARGET = 16.2;
				MTL_ENABLE_DEBUG_INFO = INCLUDE_SOURCE;
				MTL_FAST_MATH = YES;
				ONLY_ACTIVE_ARCH = YES;
				SDKROOT = iphoneos;
				SWIFT_ACTIVE_COMPILATION_CONDITIONS = DEBUG;
				SWIFT_OPTIMIZATION_LEVEL = "-Onone";
			};
			name = Debug;
		};
		E1099F092997D6D000A098BF /* Release */ = {
			isa = XCBuildConfiguration;
			buildSettings = {
				ALWAYS_SEARCH_USER_PATHS = NO;
				CLANG_ANALYZER_NONNULL = YES;
				CLANG_ANALYZER_NUMBER_OBJECT_CONVERSION = YES_AGGRESSIVE;
				CLANG_CXX_LANGUAGE_STANDARD = "gnu++20";
				CLANG_ENABLE_MODULES = YES;
				CLANG_ENABLE_OBJC_ARC = YES;
				CLANG_ENABLE_OBJC_WEAK = YES;
				CLANG_WARN_BLOCK_CAPTURE_AUTORELEASING = YES;
				CLANG_WARN_BOOL_CONVERSION = YES;
				CLANG_WARN_COMMA = YES;
				CLANG_WARN_CONSTANT_CONVERSION = YES;
				CLANG_WARN_DEPRECATED_OBJC_IMPLEMENTATIONS = YES;
				CLANG_WARN_DIRECT_OBJC_ISA_USAGE = YES_ERROR;
				CLANG_WARN_DOCUMENTATION_COMMENTS = YES;
				CLANG_WARN_EMPTY_BODY = YES;
				CLANG_WARN_ENUM_CONVERSION = YES;
				CLANG_WARN_INFINITE_RECURSION = YES;
				CLANG_WARN_INT_CONVERSION = YES;
				CLANG_WARN_NON_LITERAL_NULL_CONVERSION = YES;
				CLANG_WARN_OBJC_IMPLICIT_RETAIN_SELF = YES;
				CLANG_WARN_OBJC_LITERAL_CONVERSION = YES;
				CLANG_WARN_OBJC_ROOT_CLASS = YES_ERROR;
				CLANG_WARN_QUOTED_INCLUDE_IN_FRAMEWORK_HEADER = YES;
				CLANG_WARN_RANGE_LOOP_ANALYSIS = YES;
				CLANG_WARN_STRICT_PROTOTYPES = YES;
				CLANG_WARN_SUSPICIOUS_MOVE = YES;
				CLANG_WARN_UNGUARDED_AVAILABILITY = YES_AGGRESSIVE;
				CLANG_WARN_UNREACHABLE_CODE = YES;
				CLANG_WARN__DUPLICATE_METHOD_MATCH = YES;
				COPY_PHASE_STRIP = NO;
				DEBUG_INFORMATION_FORMAT = "dwarf-with-dsym";
				ENABLE_NS_ASSERTIONS = NO;
				ENABLE_STRICT_OBJC_MSGSEND = YES;
				GCC_C_LANGUAGE_STANDARD = gnu11;
				GCC_NO_COMMON_BLOCKS = YES;
				GCC_WARN_64_TO_32_BIT_CONVERSION = YES;
				GCC_WARN_ABOUT_RETURN_TYPE = YES_ERROR;
				GCC_WARN_UNDECLARED_SELECTOR = YES;
				GCC_WARN_UNINITIALIZED_AUTOS = YES_AGGRESSIVE;
				GCC_WARN_UNUSED_FUNCTION = YES;
				GCC_WARN_UNUSED_VARIABLE = YES;
				IPHONEOS_DEPLOYMENT_TARGET = 16.2;
				MTL_ENABLE_DEBUG_INFO = NO;
				MTL_FAST_MATH = YES;
				SDKROOT = iphoneos;
				SWIFT_COMPILATION_MODE = wholemodule;
				SWIFT_OPTIMIZATION_LEVEL = "-O";
				VALIDATE_PRODUCT = YES;
			};
			name = Release;
		};
		E1099F0B2997D6D000A098BF /* Debug */ = {
			isa = XCBuildConfiguration;
			buildSettings = {
				ASSETCATALOG_COMPILER_APPICON_NAME = AppIcon;
				ASSETCATALOG_COMPILER_GLOBAL_ACCENT_COLOR_NAME = AccentColor;
				CODE_SIGN_STYLE = Automatic;
				CURRENT_PROJECT_VERSION = 1;
				DEVELOPMENT_ASSET_PATHS = "\"projetoCovidMVVM/Preview Content\"";
				DEVELOPMENT_TEAM = 4DLN7FPJ74;
				ENABLE_PREVIEWS = YES;
				GENERATE_INFOPLIST_FILE = YES;
				INFOPLIST_FILE = projetoCovidMVVM/Info.plist;
				INFOPLIST_KEY_UIApplicationSupportsIndirectInputEvents = YES;
				INFOPLIST_KEY_UILaunchScreen_Generation = YES;
				INFOPLIST_KEY_UISupportedInterfaceOrientations_iPad = "UIInterfaceOrientationPortrait UIInterfaceOrientationPortraitUpsideDown UIInterfaceOrientationLandscapeLeft UIInterfaceOrientationLandscapeRight";
				INFOPLIST_KEY_UISupportedInterfaceOrientations_iPhone = "UIInterfaceOrientationPortrait UIInterfaceOrientationLandscapeLeft UIInterfaceOrientationLandscapeRight";
				LD_RUNPATH_SEARCH_PATHS = (
					"$(inherited)",
					"@executable_path/Frameworks",
				);
				MARKETING_VERSION = 1.0;
				PRODUCT_BUNDLE_IDENTIFIER = geiss.com.projetoCovidMVVM;
				PRODUCT_NAME = "$(TARGET_NAME)";
				SWIFT_EMIT_LOC_STRINGS = YES;
				SWIFT_VERSION = 5.0;
				TARGETED_DEVICE_FAMILY = "1,2";
			};
			name = Debug;
		};
		E1099F0C2997D6D000A098BF /* Release */ = {
			isa = XCBuildConfiguration;
			buildSettings = {
				ASSETCATALOG_COMPILER_APPICON_NAME = AppIcon;
				ASSETCATALOG_COMPILER_GLOBAL_ACCENT_COLOR_NAME = AccentColor;
				CODE_SIGN_STYLE = Automatic;
				CURRENT_PROJECT_VERSION = 1;
				DEVELOPMENT_ASSET_PATHS = "\"projetoCovidMVVM/Preview Content\"";
				DEVELOPMENT_TEAM = 4DLN7FPJ74;
				ENABLE_PREVIEWS = YES;
				GENERATE_INFOPLIST_FILE = YES;
				INFOPLIST_FILE = projetoCovidMVVM/Info.plist;
				INFOPLIST_KEY_UIApplicationSupportsIndirectInputEvents = YES;
				INFOPLIST_KEY_UILaunchScreen_Generation = YES;
				INFOPLIST_KEY_UISupportedInterfaceOrientations_iPad = "UIInterfaceOrientationPortrait UIInterfaceOrientationPortraitUpsideDown UIInterfaceOrientationLandscapeLeft UIInterfaceOrientationLandscapeRight";
				INFOPLIST_KEY_UISupportedInterfaceOrientations_iPhone = "UIInterfaceOrientationPortrait UIInterfaceOrientationLandscapeLeft UIInterfaceOrientationLandscapeRight";
				LD_RUNPATH_SEARCH_PATHS = (
					"$(inherited)",
					"@executable_path/Frameworks",
				);
				MARKETING_VERSION = 1.0;
				PRODUCT_BUNDLE_IDENTIFIER = geiss.com.projetoCovidMVVM;
				PRODUCT_NAME = "$(TARGET_NAME)";
				SWIFT_EMIT_LOC_STRINGS = YES;
				SWIFT_VERSION = 5.0;
				TARGETED_DEVICE_FAMILY = "1,2";
			};
			name = Release;
		};
/* End XCBuildConfiguration section */

/* Begin XCConfigurationList section */
		E1099EF72997D6CE00A098BF /* Build configuration list for PBXProject "projetoCovidMVVM" */ = {
			isa = XCConfigurationList;
			buildConfigurations = (
				E1099F082997D6D000A098BF /* Debug */,
				E1099F092997D6D000A098BF /* Release */,
			);
			defaultConfigurationIsVisible = 0;
			defaultConfigurationName = Release;
		};
		E1099F0A2997D6D000A098BF /* Build configuration list for PBXNativeTarget "projetoCovidMVVM" */ = {
			isa = XCConfigurationList;
			buildConfigurations = (
				E1099F0B2997D6D000A098BF /* Debug */,
				E1099F0C2997D6D000A098BF /* Release */,
			);
			defaultConfigurationIsVisible = 0;
			defaultConfigurationName = Release;
		};
/* End XCConfigurationList section */

/* Begin XCRemoteSwiftPackageReference section */
		E1C5391B29BCCE0200707035 /* XCRemoteSwiftPackageReference "swiftui-navigation-stack" */ = {
			isa = XCRemoteSwiftPackageReference;
			repositoryURL = "https://github.com/matteopuc/swiftui-navigation-stack.git";
			requirement = {
				kind = upToNextMajorVersion;
				minimumVersion = 1.0.0;
			};
		};
/* End XCRemoteSwiftPackageReference section */

/* Begin XCVersionGroup section */
		E151955829CE646800F8C382 /* CovidDataModel.xcdatamodeld */ = {
			isa = XCVersionGroup;
			children = (
				E151955929CE646800F8C382 /* CovidDataModel.xcdatamodel */,
			);
			currentVersion = E151955929CE646800F8C382 /* CovidDataModel.xcdatamodel */;
			path = CovidDataModel.xcdatamodeld;
			sourceTree = "<group>";
			versionGroupType = wrapper.xcdatamodel;
		};
/* End XCVersionGroup section */
	};
	rootObject = E1099EF42997D6CE00A098BF /* Project object */;
}
